// !$*UTF8*$!
{
	archiveVersion = 1;
	classes = {
	};
	objectVersion = 56;
	objects = {

/* Begin PBXBuildFile section */
		614DD6BA2BA7310D00448E1F /* AppetizersApp.swift in Sources */ = {isa = PBXBuildFile; fileRef = 614DD6B92BA7310D00448E1F /* AppetizersApp.swift */; };
		614DD6BC2BA7310D00448E1F /* AppetizerTabView.swift in Sources */ = {isa = PBXBuildFile; fileRef = 614DD6BB2BA7310D00448E1F /* AppetizerTabView.swift */; };
		614DD6BE2BA7310E00448E1F /* Assets.xcassets in Resources */ = {isa = PBXBuildFile; fileRef = 614DD6BD2BA7310E00448E1F /* Assets.xcassets */; };
		614DD6C12BA7310E00448E1F /* Preview Assets.xcassets in Resources */ = {isa = PBXBuildFile; fileRef = 614DD6C02BA7310E00448E1F /* Preview Assets.xcassets */; };
		61B5A11E2BAEFB9F00E1CED0 /* LoadingView.swift in Sources */ = {isa = PBXBuildFile; fileRef = 61B5A11D2BAEFB9F00E1CED0 /* LoadingView.swift */; };
		61B5A1222BB01EA600E1CED0 /* RemoteImage.swift in Sources */ = {isa = PBXBuildFile; fileRef = 61B5A1212BB01EA600E1CED0 /* RemoteImage.swift */; };
		61B5A1322BB075FA00E1CED0 /* AppetizerDetailView.swift in Sources */ = {isa = PBXBuildFile; fileRef = 61B5A1312BB075FA00E1CED0 /* AppetizerDetailView.swift */; };
		61B5A1352BB08A8F00E1CED0 /* APButton.swift in Sources */ = {isa = PBXBuildFile; fileRef = 61B5A1342BB08A8F00E1CED0 /* APButton.swift */; };
		61B5A1372BB08B6000E1CED0 /* XDismissButton.swift in Sources */ = {isa = PBXBuildFile; fileRef = 61B5A1362BB08B6000E1CED0 /* XDismissButton.swift */; };
		61B8E3062BAEC56900E9765C /* Alert.swift in Sources */ = {isa = PBXBuildFile; fileRef = 61B8E3052BAEC56900E9765C /* Alert.swift */; };
		61DF3F542BA7338800EACB13 /* AppetizerListView.swift in Sources */ = {isa = PBXBuildFile; fileRef = 61DF3F532BA7338800EACB13 /* AppetizerListView.swift */; };
		61DF3F562BA7339600EACB13 /* AccountView.swift in Sources */ = {isa = PBXBuildFile; fileRef = 61DF3F552BA7339600EACB13 /* AccountView.swift */; };
		61DF3F582BA7339D00EACB13 /* OrderView.swift in Sources */ = {isa = PBXBuildFile; fileRef = 61DF3F572BA7339D00EACB13 /* OrderView.swift */; };
		61DF3F5A2BA73D3D00EACB13 /* Appetizer.swift in Sources */ = {isa = PBXBuildFile; fileRef = 61DF3F592BA73D3D00EACB13 /* Appetizer.swift */; };
		61DF3F5C2BA750EE00EACB13 /* AppetizerListCell.swift in Sources */ = {isa = PBXBuildFile; fileRef = 61DF3F5B2BA750EE00EACB13 /* AppetizerListCell.swift */; };
		61E697D52BA8A1E1009BB9C0 /* NetworkManager.swift in Sources */ = {isa = PBXBuildFile; fileRef = 61E697D42BA8A1E1009BB9C0 /* NetworkManager.swift */; };
		61E697D72BA8BE02009BB9C0 /* APError.swift in Sources */ = {isa = PBXBuildFile; fileRef = 61E697D62BA8BE02009BB9C0 /* APError.swift */; };
		61E697D92BA9FAD0009BB9C0 /* AppetizerListViewModel.swift in Sources */ = {isa = PBXBuildFile; fileRef = 61E697D82BA9FAD0009BB9C0 /* AppetizerListViewModel.swift */; };
/* End PBXBuildFile section */

/* Begin PBXFileReference section */
		614DD6B62BA7310D00448E1F /* Appetizers.app */ = {isa = PBXFileReference; explicitFileType = wrapper.application; includeInIndex = 0; path = Appetizers.app; sourceTree = BUILT_PRODUCTS_DIR; };
		614DD6B92BA7310D00448E1F /* AppetizersApp.swift */ = {isa = PBXFileReference; lastKnownFileType = sourcecode.swift; path = AppetizersApp.swift; sourceTree = "<group>"; };
		614DD6BB2BA7310D00448E1F /* AppetizerTabView.swift */ = {isa = PBXFileReference; lastKnownFileType = sourcecode.swift; path = AppetizerTabView.swift; sourceTree = "<group>"; };
		614DD6BD2BA7310E00448E1F /* Assets.xcassets */ = {isa = PBXFileReference; lastKnownFileType = folder.assetcatalog; path = Assets.xcassets; sourceTree = "<group>"; };
		614DD6C02BA7310E00448E1F /* Preview Assets.xcassets */ = {isa = PBXFileReference; lastKnownFileType = folder.assetcatalog; path = "Preview Assets.xcassets"; sourceTree = "<group>"; };
		61B5A11D2BAEFB9F00E1CED0 /* LoadingView.swift */ = {isa = PBXFileReference; lastKnownFileType = sourcecode.swift; path = LoadingView.swift; sourceTree = "<group>"; };
		61B5A1212BB01EA600E1CED0 /* RemoteImage.swift */ = {isa = PBXFileReference; lastKnownFileType = sourcecode.swift; path = RemoteImage.swift; sourceTree = "<group>"; };
		61B5A1312BB075FA00E1CED0 /* AppetizerDetailView.swift */ = {isa = PBXFileReference; lastKnownFileType = sourcecode.swift; path = AppetizerDetailView.swift; sourceTree = "<group>"; };
		61B5A1342BB08A8F00E1CED0 /* APButton.swift */ = {isa = PBXFileReference; lastKnownFileType = sourcecode.swift; path = APButton.swift; sourceTree = "<group>"; };
		61B5A1362BB08B6000E1CED0 /* XDismissButton.swift */ = {isa = PBXFileReference; lastKnownFileType = sourcecode.swift; path = XDismissButton.swift; sourceTree = "<group>"; };
		61B8E3052BAEC56900E9765C /* Alert.swift */ = {isa = PBXFileReference; lastKnownFileType = sourcecode.swift; path = Alert.swift; sourceTree = "<group>"; };
		61DF3F532BA7338800EACB13 /* AppetizerListView.swift */ = {isa = PBXFileReference; lastKnownFileType = sourcecode.swift; path = AppetizerListView.swift; sourceTree = "<group>"; };
		61DF3F552BA7339600EACB13 /* AccountView.swift */ = {isa = PBXFileReference; lastKnownFileType = sourcecode.swift; path = AccountView.swift; sourceTree = "<group>"; };
		61DF3F572BA7339D00EACB13 /* OrderView.swift */ = {isa = PBXFileReference; lastKnownFileType = sourcecode.swift; path = OrderView.swift; sourceTree = "<group>"; };
		61DF3F592BA73D3D00EACB13 /* Appetizer.swift */ = {isa = PBXFileReference; lastKnownFileType = sourcecode.swift; path = Appetizer.swift; sourceTree = "<group>"; };
		61DF3F5B2BA750EE00EACB13 /* AppetizerListCell.swift */ = {isa = PBXFileReference; lastKnownFileType = sourcecode.swift; path = AppetizerListCell.swift; sourceTree = "<group>"; };
		61E697D42BA8A1E1009BB9C0 /* NetworkManager.swift */ = {isa = PBXFileReference; lastKnownFileType = sourcecode.swift; path = NetworkManager.swift; sourceTree = "<group>"; };
		61E697D62BA8BE02009BB9C0 /* APError.swift */ = {isa = PBXFileReference; lastKnownFileType = sourcecode.swift; path = APError.swift; sourceTree = "<group>"; };
		61E697D82BA9FAD0009BB9C0 /* AppetizerListViewModel.swift */ = {isa = PBXFileReference; lastKnownFileType = sourcecode.swift; path = AppetizerListViewModel.swift; sourceTree = "<group>"; };
/* End PBXFileReference section */

/* Begin PBXFrameworksBuildPhase section */
		614DD6B32BA7310D00448E1F /* Frameworks */ = {
			isa = PBXFrameworksBuildPhase;
			buildActionMask = 2147483647;
			files = (
			);
			runOnlyForDeploymentPostprocessing = 0;
		};
/* End PBXFrameworksBuildPhase section */

/* Begin PBXGroup section */
		614DD6AD2BA7310D00448E1F = {
			isa = PBXGroup;
			children = (
				614DD6B82BA7310D00448E1F /* Appetizers */,
				614DD6B72BA7310D00448E1F /* Products */,
			);
			sourceTree = "<group>";
		};
		614DD6B72BA7310D00448E1F /* Products */ = {
			isa = PBXGroup;
			children = (
				614DD6B62BA7310D00448E1F /* Appetizers.app */,
			);
			name = Products;
			sourceTree = "<group>";
		};
		614DD6B82BA7310D00448E1F /* Appetizers */ = {
			isa = PBXGroup;
			children = (
				61B5A12B2BB025A800E1CED0 /* Model */,
				61B5A1272BB0255100E1CED0 /* Utilities */,
				61B5A12C2BB025DC00E1CED0 /* Views */,
				61B5A1232BB024DA00E1CED0 /* Screens */,
				614DD6B92BA7310D00448E1F /* AppetizersApp.swift */,
				614DD6BD2BA7310E00448E1F /* Assets.xcassets */,
				614DD6BF2BA7310E00448E1F /* Preview Content */,
			);
			path = Appetizers;
			sourceTree = "<group>";
		};
		614DD6BF2BA7310E00448E1F /* Preview Content */ = {
			isa = PBXGroup;
			children = (
				614DD6C02BA7310E00448E1F /* Preview Assets.xcassets */,
			);
			path = "Preview Content";
			sourceTree = "<group>";
		};
		61B5A1232BB024DA00E1CED0 /* Screens */ = {
			isa = PBXGroup;
			children = (
				614DD6BB2BA7310D00448E1F /* AppetizerTabView.swift */,
				61B5A1242BB024EA00E1CED0 /* AppetizerListView */,
				61B5A1252BB024F300E1CED0 /* AccountView */,
				61B5A1262BB0250000E1CED0 /* OrderView */,
			);
			path = Screens;
			sourceTree = "<group>";
		};
		61B5A1242BB024EA00E1CED0 /* AppetizerListView */ = {
			isa = PBXGroup;
			children = (
				61DF3F532BA7338800EACB13 /* AppetizerListView.swift */,
				61E697D82BA9FAD0009BB9C0 /* AppetizerListViewModel.swift */,
				61B5A1312BB075FA00E1CED0 /* AppetizerDetailView.swift */,
			);
			path = AppetizerListView;
			sourceTree = "<group>";
		};
		61B5A1252BB024F300E1CED0 /* AccountView */ = {
			isa = PBXGroup;
			children = (
				61DF3F552BA7339600EACB13 /* AccountView.swift */,
			);
			path = AccountView;
			sourceTree = "<group>";
		};
		61B5A1262BB0250000E1CED0 /* OrderView */ = {
			isa = PBXGroup;
			children = (
				61DF3F572BA7339D00EACB13 /* OrderView.swift */,
			);
			path = OrderView;
			sourceTree = "<group>";
		};
		61B5A1272BB0255100E1CED0 /* Utilities */ = {
			isa = PBXGroup;
			children = (
				61B5A12A2BB0258600E1CED0 /* Alerts */,
				61B5A1282BB0255F00E1CED0 /* Managers */,
			);
			path = Utilities;
			sourceTree = "<group>";
		};
		61B5A1282BB0255F00E1CED0 /* Managers */ = {
			isa = PBXGroup;
			children = (
				61E697D42BA8A1E1009BB9C0 /* NetworkManager.swift */,
			);
			path = Managers;
			sourceTree = "<group>";
		};
		61B5A12A2BB0258600E1CED0 /* Alerts */ = {
			isa = PBXGroup;
			children = (
				61B8E3052BAEC56900E9765C /* Alert.swift */,
				61E697D62BA8BE02009BB9C0 /* APError.swift */,
			);
			path = Alerts;
			sourceTree = "<group>";
		};
		61B5A12B2BB025A800E1CED0 /* Model */ = {
			isa = PBXGroup;
			children = (
				61DF3F592BA73D3D00EACB13 /* Appetizer.swift */,
			);
			path = Model;
			sourceTree = "<group>";
		};
		61B5A12C2BB025DC00E1CED0 /* Views */ = {
			isa = PBXGroup;
			children = (
				61B5A1332BB08A7900E1CED0 /* Buttons */,
				61B5A1302BB0261200E1CED0 /* Image */,
				61B5A12F2BB0260700E1CED0 /* Cells */,
				61B5A12E2BB025FD00E1CED0 /* UIKit Components */,
			);
			path = Views;
			sourceTree = "<group>";
		};
		61B5A12E2BB025FD00E1CED0 /* UIKit Components */ = {
			isa = PBXGroup;
			children = (
				61B5A11D2BAEFB9F00E1CED0 /* LoadingView.swift */,
			);
			path = "UIKit Components";
			sourceTree = "<group>";
		};
		61B5A12F2BB0260700E1CED0 /* Cells */ = {
			isa = PBXGroup;
			children = (
				61DF3F5B2BA750EE00EACB13 /* AppetizerListCell.swift */,
			);
			path = Cells;
			sourceTree = "<group>";
		};
		61B5A1302BB0261200E1CED0 /* Image */ = {
			isa = PBXGroup;
			children = (
				61B5A1212BB01EA600E1CED0 /* RemoteImage.swift */,
			);
			path = Image;
			sourceTree = "<group>";
		};
		61B5A1332BB08A7900E1CED0 /* Buttons */ = {
			isa = PBXGroup;
			children = (
				61B5A1342BB08A8F00E1CED0 /* APButton.swift */,
				61B5A1362BB08B6000E1CED0 /* XDismissButton.swift */,
			);
			path = Buttons;
			sourceTree = "<group>";
		};
/* End PBXGroup section */

/* Begin PBXNativeTarget section */
		614DD6B52BA7310D00448E1F /* Appetizers */ = {
			isa = PBXNativeTarget;
			buildConfigurationList = 614DD6C42BA7310E00448E1F /* Build configuration list for PBXNativeTarget "Appetizers" */;
			buildPhases = (
				614DD6B22BA7310D00448E1F /* Sources */,
				614DD6B32BA7310D00448E1F /* Frameworks */,
				614DD6B42BA7310D00448E1F /* Resources */,
			);
			buildRules = (
			);
			dependencies = (
			);
			name = Appetizers;
			productName = Appetizers;
			productReference = 614DD6B62BA7310D00448E1F /* Appetizers.app */;
			productType = "com.apple.product-type.application";
		};
/* End PBXNativeTarget section */

/* Begin PBXProject section */
		614DD6AE2BA7310D00448E1F /* Project object */ = {
			isa = PBXProject;
			attributes = {
				BuildIndependentTargetsInParallel = 1;
				LastSwiftUpdateCheck = 1530;
				LastUpgradeCheck = 1530;
				TargetAttributes = {
					614DD6B52BA7310D00448E1F = {
						CreatedOnToolsVersion = 15.3;
					};
				};
			};
			buildConfigurationList = 614DD6B12BA7310D00448E1F /* Build configuration list for PBXProject "Appetizers" */;
			compatibilityVersion = "Xcode 14.0";
			developmentRegion = en;
			hasScannedForEncodings = 0;
			knownRegions = (
				en,
				Base,
			);
			mainGroup = 614DD6AD2BA7310D00448E1F;
			productRefGroup = 614DD6B72BA7310D00448E1F /* Products */;
			projectDirPath = "";
			projectRoot = "";
			targets = (
				614DD6B52BA7310D00448E1F /* Appetizers */,
			);
		};
/* End PBXProject section */

/* Begin PBXResourcesBuildPhase section */
		614DD6B42BA7310D00448E1F /* Resources */ = {
			isa = PBXResourcesBuildPhase;
			buildActionMask = 2147483647;
			files = (
				614DD6C12BA7310E00448E1F /* Preview Assets.xcassets in Resources */,
				614DD6BE2BA7310E00448E1F /* Assets.xcassets in Resources */,
			);
			runOnlyForDeploymentPostprocessing = 0;
		};
/* End PBXResourcesBuildPhase section */

/* Begin PBXSourcesBuildPhase section */
		614DD6B22BA7310D00448E1F /* Sources */ = {
			isa = PBXSourcesBuildPhase;
			buildActionMask = 2147483647;
			files = (
				61DF3F5A2BA73D3D00EACB13 /* Appetizer.swift in Sources */,
				61E697D72BA8BE02009BB9C0 /* APError.swift in Sources */,
				61DF3F5C2BA750EE00EACB13 /* AppetizerListCell.swift in Sources */,
				61B5A1352BB08A8F00E1CED0 /* APButton.swift in Sources */,
				61E697D92BA9FAD0009BB9C0 /* AppetizerListViewModel.swift in Sources */,
				61DF3F562BA7339600EACB13 /* AccountView.swift in Sources */,
				61B5A11E2BAEFB9F00E1CED0 /* LoadingView.swift in Sources */,
				61B5A1222BB01EA600E1CED0 /* RemoteImage.swift in Sources */,
				614DD6BC2BA7310D00448E1F /* AppetizerTabView.swift in Sources */,
				61B5A1322BB075FA00E1CED0 /* AppetizerDetailView.swift in Sources */,
				61E697D52BA8A1E1009BB9C0 /* NetworkManager.swift in Sources */,
				614DD6BA2BA7310D00448E1F /* AppetizersApp.swift in Sources */,
				61B8E3062BAEC56900E9765C /* Alert.swift in Sources */,
				61DF3F542BA7338800EACB13 /* AppetizerListView.swift in Sources */,
				61DF3F582BA7339D00EACB13 /* OrderView.swift in Sources */,
				61B5A1372BB08B6000E1CED0 /* XDismissButton.swift in Sources */,
			);
			runOnlyForDeploymentPostprocessing = 0;
		};
/* End PBXSourcesBuildPhase section */

/* Begin XCBuildConfiguration section */
		614DD6C22BA7310E00448E1F /* Debug */ = {
			isa = XCBuildConfiguration;
			buildSettings = {
				ALWAYS_SEARCH_USER_PATHS = NO;
				ASSETCATALOG_COMPILER_GENERATE_SWIFT_ASSET_SYMBOL_EXTENSIONS = YES;
				CLANG_ANALYZER_NONNULL = YES;
				CLANG_ANALYZER_NUMBER_OBJECT_CONVERSION = YES_AGGRESSIVE;
				CLANG_CXX_LANGUAGE_STANDARD = "gnu++20";
				CLANG_ENABLE_MODULES = YES;
				CLANG_ENABLE_OBJC_ARC = YES;
				CLANG_ENABLE_OBJC_WEAK = YES;
				CLANG_WARN_BLOCK_CAPTURE_AUTORELEASING = YES;
				CLANG_WARN_BOOL_CONVERSION = YES;
				CLANG_WARN_COMMA = YES;
				CLANG_WARN_CONSTANT_CONVERSION = YES;
				CLANG_WARN_DEPRECATED_OBJC_IMPLEMENTATIONS = YES;
				CLANG_WARN_DIRECT_OBJC_ISA_USAGE = YES_ERROR;
				CLANG_WARN_DOCUMENTATION_COMMENTS = YES;
				CLANG_WARN_EMPTY_BODY = YES;
				CLANG_WARN_ENUM_CONVERSION = YES;
				CLANG_WARN_INFINITE_RECURSION = YES;
				CLANG_WARN_INT_CONVERSION = YES;
				CLANG_WARN_NON_LITERAL_NULL_CONVERSION = YES;
				CLANG_WARN_OBJC_IMPLICIT_RETAIN_SELF = YES;
				CLANG_WARN_OBJC_LITERAL_CONVERSION = YES;
				CLANG_WARN_OBJC_ROOT_CLASS = YES_ERROR;
				CLANG_WARN_QUOTED_INCLUDE_IN_FRAMEWORK_HEADER = YES;
				CLANG_WARN_RANGE_LOOP_ANALYSIS = YES;
				CLANG_WARN_STRICT_PROTOTYPES = YES;
				CLANG_WARN_SUSPICIOUS_MOVE = YES;
				CLANG_WARN_UNGUARDED_AVAILABILITY = YES_AGGRESSIVE;
				CLANG_WARN_UNREACHABLE_CODE = YES;
				CLANG_WARN__DUPLICATE_METHOD_MATCH = YES;
				COPY_PHASE_STRIP = NO;
				DEBUG_INFORMATION_FORMAT = dwarf;
				ENABLE_STRICT_OBJC_MSGSEND = YES;
				ENABLE_TESTABILITY = YES;
				ENABLE_USER_SCRIPT_SANDBOXING = YES;
				GCC_C_LANGUAGE_STANDARD = gnu17;
				GCC_DYNAMIC_NO_PIC = NO;
				GCC_NO_COMMON_BLOCKS = YES;
				GCC_OPTIMIZATION_LEVEL = 0;
				GCC_PREPROCESSOR_DEFINITIONS = (
					"DEBUG=1",
					"$(inherited)",
				);
				GCC_WARN_64_TO_32_BIT_CONVERSION = YES;
				GCC_WARN_ABOUT_RETURN_TYPE = YES_ERROR;
				GCC_WARN_UNDECLARED_SELECTOR = YES;
				GCC_WARN_UNINITIALIZED_AUTOS = YES_AGGRESSIVE;
				GCC_WARN_UNUSED_FUNCTION = YES;
				GCC_WARN_UNUSED_VARIABLE = YES;
				IPHONEOS_DEPLOYMENT_TARGET = 17.4;
				LOCALIZATION_PREFERS_STRING_CATALOGS = YES;
				MTL_ENABLE_DEBUG_INFO = INCLUDE_SOURCE;
				MTL_FAST_MATH = YES;
				ONLY_ACTIVE_ARCH = YES;
				SDKROOT = iphoneos;
				SWIFT_ACTIVE_COMPILATION_CONDITIONS = "DEBUG $(inherited)";
				SWIFT_OPTIMIZATION_LEVEL = "-Onone";
			};
			name = Debug;
		};
		614DD6C32BA7310E00448E1F /* Release */ = {
			isa = XCBuildConfiguration;
			buildSettings = {
				ALWAYS_SEARCH_USER_PATHS = NO;
				ASSETCATALOG_COMPILER_GENERATE_SWIFT_ASSET_SYMBOL_EXTENSIONS = YES;
				CLANG_ANALYZER_NONNULL = YES;
				CLANG_ANALYZER_NUMBER_OBJECT_CONVERSION = YES_AGGRESSIVE;
				CLANG_CXX_LANGUAGE_STANDARD = "gnu++20";
				CLANG_ENABLE_MODULES = YES;
				CLANG_ENABLE_OBJC_ARC = YES;
				CLANG_ENABLE_OBJC_WEAK = YES;
				CLANG_WARN_BLOCK_CAPTURE_AUTORELEASING = YES;
				CLANG_WARN_BOOL_CONVERSION = YES;
				CLANG_WARN_COMMA = YES;
				CLANG_WARN_CONSTANT_CONVERSION = YES;
				CLANG_WARN_DEPRECATED_OBJC_IMPLEMENTATIONS = YES;
				CLANG_WARN_DIRECT_OBJC_ISA_USAGE = YES_ERROR;
				CLANG_WARN_DOCUMENTATION_COMMENTS = YES;
				CLANG_WARN_EMPTY_BODY = YES;
				CLANG_WARN_ENUM_CONVERSION = YES;
				CLANG_WARN_INFINITE_RECURSION = YES;
				CLANG_WARN_INT_CONVERSION = YES;
				CLANG_WARN_NON_LITERAL_NULL_CONVERSION = YES;
				CLANG_WARN_OBJC_IMPLICIT_RETAIN_SELF = YES;
				CLANG_WARN_OBJC_LITERAL_CONVERSION = YES;
				CLANG_WARN_OBJC_ROOT_CLASS = YES_ERROR;
				CLANG_WARN_QUOTED_INCLUDE_IN_FRAMEWORK_HEADER = YES;
				CLANG_WARN_RANGE_LOOP_ANALYSIS = YES;
				CLANG_WARN_STRICT_PROTOTYPES = YES;
				CLANG_WARN_SUSPICIOUS_MOVE = YES;
				CLANG_WARN_UNGUARDED_AVAILABILITY = YES_AGGRESSIVE;
				CLANG_WARN_UNREACHABLE_CODE = YES;
				CLANG_WARN__DUPLICATE_METHOD_MATCH = YES;
				COPY_PHASE_STRIP = NO;
				DEBUG_INFORMATION_FORMAT = "dwarf-with-dsym";
				ENABLE_NS_ASSERTIONS = NO;
				ENABLE_STRICT_OBJC_MSGSEND = YES;
				ENABLE_USER_SCRIPT_SANDBOXING = YES;
				GCC_C_LANGUAGE_STANDARD = gnu17;
				GCC_NO_COMMON_BLOCKS = YES;
				GCC_WARN_64_TO_32_BIT_CONVERSION = YES;
				GCC_WARN_ABOUT_RETURN_TYPE = YES_ERROR;
				GCC_WARN_UNDECLARED_SELECTOR = YES;
				GCC_WARN_UNINITIALIZED_AUTOS = YES_AGGRESSIVE;
				GCC_WARN_UNUSED_FUNCTION = YES;
				GCC_WARN_UNUSED_VARIABLE = YES;
				IPHONEOS_DEPLOYMENT_TARGET = 17.4;
				LOCALIZATION_PREFERS_STRING_CATALOGS = YES;
				MTL_ENABLE_DEBUG_INFO = NO;
				MTL_FAST_MATH = YES;
				SDKROOT = iphoneos;
				SWIFT_COMPILATION_MODE = wholemodule;
				VALIDATE_PRODUCT = YES;
			};
			name = Release;
		};
		614DD6C52BA7310E00448E1F /* Debug */ = {
			isa = XCBuildConfiguration;
			buildSettings = {
				ASSETCATALOG_COMPILER_APPICON_NAME = AppIcon;
				ASSETCATALOG_COMPILER_GLOBAL_ACCENT_COLOR_NAME = AccentColor;
				CODE_SIGN_STYLE = Automatic;
				CURRENT_PROJECT_VERSION = 1;
				DEVELOPMENT_ASSET_PATHS = "\"Appetizers/Preview Content\"";
				DEVELOPMENT_TEAM = Q58N8XFL2F;
				ENABLE_PREVIEWS = YES;
				GENERATE_INFOPLIST_FILE = YES;
				INFOPLIST_KEY_UIApplicationSceneManifest_Generation = YES;
				INFOPLIST_KEY_UIApplicationSupportsIndirectInputEvents = YES;
				INFOPLIST_KEY_UILaunchScreen_Generation = YES;
				INFOPLIST_KEY_UISupportedInterfaceOrientations_iPad = "UIInterfaceOrientationPortrait UIInterfaceOrientationPortraitUpsideDown UIInterfaceOrientationLandscapeLeft UIInterfaceOrientationLandscapeRight";
				INFOPLIST_KEY_UISupportedInterfaceOrientations_iPhone = "UIInterfaceOrientationPortrait UIInterfaceOrientationLandscapeLeft UIInterfaceOrientationLandscapeRight";
				LD_RUNPATH_SEARCH_PATHS = (
					"$(inherited)",
					"@executable_path/Frameworks",
				);
				MARKETING_VERSION = 1.0;
				PRODUCT_BUNDLE_IDENTIFIER = zyzgz.Appetizers;
				PRODUCT_NAME = "$(TARGET_NAME)";
				SWIFT_EMIT_LOC_STRINGS = YES;
				SWIFT_VERSION = 5.0;
				TARGETED_DEVICE_FAMILY = "1,2";
			};
			name = Debug;
		};
		614DD6C62BA7310E00448E1F /* Release */ = {
			isa = XCBuildConfiguration;
			buildSettings = {
				ASSETCATALOG_COMPILER_APPICON_NAME = AppIcon;
				ASSETCATALOG_COMPILER_GLOBAL_ACCENT_COLOR_NAME = AccentColor;
				CODE_SIGN_STYLE = Automatic;
				CURRENT_PROJECT_VERSION = 1;
				DEVELOPMENT_ASSET_PATHS = "\"Appetizers/Preview Content\"";
				DEVELOPMENT_TEAM = Q58N8XFL2F;
				ENABLE_PREVIEWS = YES;
				GENERATE_INFOPLIST_FILE = YES;
				INFOPLIST_KEY_UIApplicationSceneManifest_Generation = YES;
				INFOPLIST_KEY_UIApplicationSupportsIndirectInputEvents = YES;
				INFOPLIST_KEY_UILaunchScreen_Generation = YES;
				INFOPLIST_KEY_UISupportedInterfaceOrientations_iPad = "UIInterfaceOrientationPortrait UIInterfaceOrientationPortraitUpsideDown UIInterfaceOrientationLandscapeLeft UIInterfaceOrientationLandscapeRight";
				INFOPLIST_KEY_UISupportedInterfaceOrientations_iPhone = "UIInterfaceOrientationPortrait UIInterfaceOrientationLandscapeLeft UIInterfaceOrientationLandscapeRight";
				LD_RUNPATH_SEARCH_PATHS = (
					"$(inherited)",
					"@executable_path/Frameworks",
				);
				MARKETING_VERSION = 1.0;
				PRODUCT_BUNDLE_IDENTIFIER = zyzgz.Appetizers;
				PRODUCT_NAME = "$(TARGET_NAME)";
				SWIFT_EMIT_LOC_STRINGS = YES;
				SWIFT_VERSION = 5.0;
				TARGETED_DEVICE_FAMILY = "1,2";
			};
			name = Release;
		};
/* End XCBuildConfiguration section */

/* Begin XCConfigurationList section */
		614DD6B12BA7310D00448E1F /* Build configuration list for PBXProject "Appetizers" */ = {
			isa = XCConfigurationList;
			buildConfigurations = (
				614DD6C22BA7310E00448E1F /* Debug */,
				614DD6C32BA7310E00448E1F /* Release */,
			);
			defaultConfigurationIsVisible = 0;
			defaultConfigurationName = Release;
		};
		614DD6C42BA7310E00448E1F /* Build configuration list for PBXNativeTarget "Appetizers" */ = {
			isa = XCConfigurationList;
			buildConfigurations = (
				614DD6C52BA7310E00448E1F /* Debug */,
				614DD6C62BA7310E00448E1F /* Release */,
			);
			defaultConfigurationIsVisible = 0;
			defaultConfigurationName = Release;
		};
/* End XCConfigurationList section */
	};
	rootObject = 614DD6AE2BA7310D00448E1F /* Project object */;
}
